// !$*UTF8*$!
{
	archiveVersion = 1;
	classes = {
	};
	objectVersion = 56;
	objects = {

/* Begin PBXBuildFile section */
		467418FC2BF44648001A6C79 /* lines.txt in Resources */ = {isa = PBXBuildFile; fileRef = 467418FB2BF44648001A6C79 /* lines.txt */; };
		468958142BF55E4F00571E7D /* LetterInputView.swift in Sources */ = {isa = PBXBuildFile; fileRef = 468958132BF55E4F00571E7D /* LetterInputView.swift */; };
		46E836112BF399980045EFA8 /* Test_doing_linesApp.swift in Sources */ = {isa = PBXBuildFile; fileRef = 46E836102BF399980045EFA8 /* Test_doing_linesApp.swift */; };
		46E836132BF399980045EFA8 /* ShowTehillimView.swift in Sources */ = {isa = PBXBuildFile; fileRef = 46E836122BF399980045EFA8 /* ShowTehillimView.swift */; };
		46E836152BF3999A0045EFA8 /* Assets.xcassets in Resources */ = {isa = PBXBuildFile; fileRef = 46E836142BF3999A0045EFA8 /* Assets.xcassets */; };
		46E836182BF3999A0045EFA8 /* Preview Assets.xcassets in Resources */ = {isa = PBXBuildFile; fileRef = 46E836172BF3999A0045EFA8 /* Preview Assets.xcassets */; };
/* End PBXBuildFile section */

/* Begin PBXFileReference section */
		467418FB2BF44648001A6C79 /* lines.txt */ = {isa = PBXFileReference; fileEncoding = 4; lastKnownFileType = text; path = lines.txt; sourceTree = "<group>"; };
		468958132BF55E4F00571E7D /* LetterInputView.swift */ = {isa = PBXFileReference; lastKnownFileType = sourcecode.swift; path = LetterInputView.swift; sourceTree = "<group>"; };
		46E8360D2BF399980045EFA8 /* Test doing lines.app */ = {isa = PBXFileReference; explicitFileType = wrapper.application; includeInIndex = 0; path = "Test doing lines.app"; sourceTree = BUILT_PRODUCTS_DIR; };
		46E836102BF399980045EFA8 /* Test_doing_linesApp.swift */ = {isa = PBXFileReference; lastKnownFileType = sourcecode.swift; path = Test_doing_linesApp.swift; sourceTree = "<group>"; };
		46E836122BF399980045EFA8 /* ShowTehillimView.swift */ = {isa = PBXFileReference; lastKnownFileType = sourcecode.swift; path = ShowTehillimView.swift; sourceTree = "<group>"; };
		46E836142BF3999A0045EFA8 /* Assets.xcassets */ = {isa = PBXFileReference; lastKnownFileType = folder.assetcatalog; path = Assets.xcassets; sourceTree = "<group>"; };
		46E836172BF3999A0045EFA8 /* Preview Assets.xcassets */ = {isa = PBXFileReference; lastKnownFileType = folder.assetcatalog; path = "Preview Assets.xcassets"; sourceTree = "<group>"; };
/* End PBXFileReference section */

/* Begin PBXFrameworksBuildPhase section */
		46E8360A2BF399980045EFA8 /* Frameworks */ = {
			isa = PBXFrameworksBuildPhase;
			buildActionMask = 2147483647;
			files = (
			);
			runOnlyForDeploymentPostprocessing = 0;
		};
/* End PBXFrameworksBuildPhase section */

/* Begin PBXGroup section */
		468958152BF5618A00571E7D /* Views */ = {
			isa = PBXGroup;
			children = (
				468958132BF55E4F00571E7D /* LetterInputView.swift */,
				46E836122BF399980045EFA8 /* ShowTehillimView.swift */,
			);
			path = Views;
			sourceTree = "<group>";
		};
		468958162BF561A900571E7D /* App */ = {
			isa = PBXGroup;
			children = (
				46E836102BF399980045EFA8 /* Test_doing_linesApp.swift */,
			);
			path = App;
			sourceTree = "<group>";
		};
		46E836042BF399980045EFA8 = {
			isa = PBXGroup;
			children = (
				46E8360F2BF399980045EFA8 /* Test doing lines */,
				46E8360E2BF399980045EFA8 /* Products */,
			);
			sourceTree = "<group>";
		};
		46E8360E2BF399980045EFA8 /* Products */ = {
			isa = PBXGroup;
			children = (
				46E8360D2BF399980045EFA8 /* Test doing lines.app */,
			);
			name = Products;
			sourceTree = "<group>";
		};
		46E8360F2BF399980045EFA8 /* Test doing lines */ = {
			isa = PBXGroup;
			children = (
				468958162BF561A900571E7D /* App */,
				468958152BF5618A00571E7D /* Views */,
				46E836142BF3999A0045EFA8 /* Assets.xcassets */,
				467418FB2BF44648001A6C79 /* lines.txt */,
				46E836162BF3999A0045EFA8 /* Preview Content */,
			);
			path = "Test doing lines";
			sourceTree = "<group>";
		};
		46E836162BF3999A0045EFA8 /* Preview Content */ = {
			isa = PBXGroup;
			children = (
				46E836172BF3999A0045EFA8 /* Preview Assets.xcassets */,
			);
			path = "Preview Content";
			sourceTree = "<group>";
		};
/* End PBXGroup section */

/* Begin PBXNativeTarget section */
		46E8360C2BF399980045EFA8 /* Test doing lines */ = {
			isa = PBXNativeTarget;
			buildConfigurationList = 46E8361B2BF3999A0045EFA8 /* Build configuration list for PBXNativeTarget "Test doing lines" */;
			buildPhases = (
				46E836092BF399980045EFA8 /* Sources */,
				46E8360A2BF399980045EFA8 /* Frameworks */,
				46E8360B2BF399980045EFA8 /* Resources */,
			);
			buildRules = (
			);
			dependencies = (
			);
			name = "Test doing lines";
			productName = "Test doing lines";
			productReference = 46E8360D2BF399980045EFA8 /* Test doing lines.app */;
			productType = "com.apple.product-type.application";
		};
/* End PBXNativeTarget section */

/* Begin PBXProject section */
		46E836052BF399980045EFA8 /* Project object */ = {
			isa = PBXProject;
			attributes = {
				BuildIndependentTargetsInParallel = 1;
				LastSwiftUpdateCheck = 1530;
				LastUpgradeCheck = 1530;
				TargetAttributes = {
					46E8360C2BF399980045EFA8 = {
						CreatedOnToolsVersion = 15.3;
					};
				};
			};
			buildConfigurationList = 46E836082BF399980045EFA8 /* Build configuration list for PBXProject "Test doing lines" */;
			compatibilityVersion = "Xcode 14.0";
			developmentRegion = en;
			hasScannedForEncodings = 0;
			knownRegions = (
				en,
				Base,
			);
			mainGroup = 46E836042BF399980045EFA8;
			productRefGroup = 46E8360E2BF399980045EFA8 /* Products */;
			projectDirPath = "";
			projectRoot = "";
			targets = (
				46E8360C2BF399980045EFA8 /* Test doing lines */,
			);
		};
/* End PBXProject section */

/* Begin PBXResourcesBuildPhase section */
		46E8360B2BF399980045EFA8 /* Resources */ = {
			isa = PBXResourcesBuildPhase;
			buildActionMask = 2147483647;
			files = (
				46E836182BF3999A0045EFA8 /* Preview Assets.xcassets in Resources */,
				46E836152BF3999A0045EFA8 /* Assets.xcassets in Resources */,
				467418FC2BF44648001A6C79 /* lines.txt in Resources */,
			);
			runOnlyForDeploymentPostprocessing = 0;
		};
/* End PBXResourcesBuildPhase section */

/* Begin PBXSourcesBuildPhase section */
		46E836092BF399980045EFA8 /* Sources */ = {
			isa = PBXSourcesBuildPhase;
			buildActionMask = 2147483647;
			files = (
				46E836132BF399980045EFA8 /* ShowTehillimView.swift in Sources */,
				46E836112BF399980045EFA8 /* Test_doing_linesApp.swift in Sources */,
				468958142BF55E4F00571E7D /* LetterInputView.swift in Sources */,
			);
			runOnlyForDeploymentPostprocessing = 0;
		};
/* End PBXSourcesBuildPhase section */

/* Begin XCBuildConfiguration section */
		46E836192BF3999A0045EFA8 /* Debug */ = {
			isa = XCBuildConfiguration;
			buildSettings = {
				ALWAYS_SEARCH_USER_PATHS = NO;
				ASSETCATALOG_COMPILER_GENERATE_SWIFT_ASSET_SYMBOL_EXTENSIONS = YES;
				CLANG_ANALYZER_NONNULL = YES;
				CLANG_ANALYZER_NUMBER_OBJECT_CONVERSION = YES_AGGRESSIVE;
				CLANG_CXX_LANGUAGE_STANDARD = "gnu++20";
				CLANG_ENABLE_MODULES = YES;
				CLANG_ENABLE_OBJC_ARC = YES;
				CLANG_ENABLE_OBJC_WEAK = YES;
				CLANG_WARN_BLOCK_CAPTURE_AUTORELEASING = YES;
				CLANG_WARN_BOOL_CONVERSION = YES;
				CLANG_WARN_COMMA = YES;
				CLANG_WARN_CONSTANT_CONVERSION = YES;
				CLANG_WARN_DEPRECATED_OBJC_IMPLEMENTATIONS = YES;
				CLANG_WARN_DIRECT_OBJC_ISA_USAGE = YES_ERROR;
				CLANG_WARN_DOCUMENTATION_COMMENTS = YES;
				CLANG_WARN_EMPTY_BODY = YES;
				CLANG_WARN_ENUM_CONVERSION = YES;
				CLANG_WARN_INFINITE_RECURSION = YES;
				CLANG_WARN_INT_CONVERSION = YES;
				CLANG_WARN_NON_LITERAL_NULL_CONVERSION = YES;
				CLANG_WARN_OBJC_IMPLICIT_RETAIN_SELF = YES;
				CLANG_WARN_OBJC_LITERAL_CONVERSION = YES;
				CLANG_WARN_OBJC_ROOT_CLASS = YES_ERROR;
				CLANG_WARN_QUOTED_INCLUDE_IN_FRAMEWORK_HEADER = YES;
				CLANG_WARN_RANGE_LOOP_ANALYSIS = YES;
				CLANG_WARN_STRICT_PROTOTYPES = YES;
				CLANG_WARN_SUSPICIOUS_MOVE = YES;
				CLANG_WARN_UNGUARDED_AVAILABILITY = YES_AGGRESSIVE;
				CLANG_WARN_UNREACHABLE_CODE = YES;
				CLANG_WARN__DUPLICATE_METHOD_MATCH = YES;
				COPY_PHASE_STRIP = NO;
				DEBUG_INFORMATION_FORMAT = dwarf;
				ENABLE_STRICT_OBJC_MSGSEND = YES;
				ENABLE_TESTABILITY = YES;
				ENABLE_USER_SCRIPT_SANDBOXING = YES;
				GCC_C_LANGUAGE_STANDARD = gnu17;
				GCC_DYNAMIC_NO_PIC = NO;
				GCC_NO_COMMON_BLOCKS = YES;
				GCC_OPTIMIZATION_LEVEL = 0;
				GCC_PREPROCESSOR_DEFINITIONS = (
					"DEBUG=1",
					"$(inherited)",
				);
				GCC_WARN_64_TO_32_BIT_CONVERSION = YES;
				GCC_WARN_ABOUT_RETURN_TYPE = YES_ERROR;
				GCC_WARN_UNDECLARED_SELECTOR = YES;
				GCC_WARN_UNINITIALIZED_AUTOS = YES_AGGRESSIVE;
				GCC_WARN_UNUSED_FUNCTION = YES;
				GCC_WARN_UNUSED_VARIABLE = YES;
				IPHONEOS_DEPLOYMENT_TARGET = 17.4;
				LOCALIZATION_PREFERS_STRING_CATALOGS = YES;
				MTL_ENABLE_DEBUG_INFO = INCLUDE_SOURCE;
				MTL_FAST_MATH = YES;
				ONLY_ACTIVE_ARCH = YES;
				SDKROOT = iphoneos;
				SWIFT_ACTIVE_COMPILATION_CONDITIONS = "DEBUG $(inherited)";
				SWIFT_OPTIMIZATION_LEVEL = "-Onone";
			};
			name = Debug;
		};
		46E8361A2BF3999A0045EFA8 /* Release */ = {
			isa = XCBuildConfiguration;
			buildSettings = {
				ALWAYS_SEARCH_USER_PATHS = NO;
				ASSETCATALOG_COMPILER_GENERATE_SWIFT_ASSET_SYMBOL_EXTENSIONS = YES;
				CLANG_ANALYZER_NONNULL = YES;
				CLANG_ANALYZER_NUMBER_OBJECT_CONVERSION = YES_AGGRESSIVE;
				CLANG_CXX_LANGUAGE_STANDARD = "gnu++20";
				CLANG_ENABLE_MODULES = YES;
				CLANG_ENABLE_OBJC_ARC = YES;
				CLANG_ENABLE_OBJC_WEAK = YES;
				CLANG_WARN_BLOCK_CAPTURE_AUTORELEASING = YES;
				CLANG_WARN_BOOL_CONVERSION = YES;
				CLANG_WARN_COMMA = YES;
				CLANG_WARN_CONSTANT_CONVERSION = YES;
				CLANG_WARN_DEPRECATED_OBJC_IMPLEMENTATIONS = YES;
				CLANG_WARN_DIRECT_OBJC_ISA_USAGE = YES_ERROR;
				CLANG_WARN_DOCUMENTATION_COMMENTS = YES;
				CLANG_WARN_EMPTY_BODY = YES;
				CLANG_WARN_ENUM_CONVERSION = YES;
				CLANG_WARN_INFINITE_RECURSION = YES;
				CLANG_WARN_INT_CONVERSION = YES;
				CLANG_WARN_NON_LITERAL_NULL_CONVERSION = YES;
				CLANG_WARN_OBJC_IMPLICIT_RETAIN_SELF = YES;
				CLANG_WARN_OBJC_LITERAL_CONVERSION = YES;
				CLANG_WARN_OBJC_ROOT_CLASS = YES_ERROR;
				CLANG_WARN_QUOTED_INCLUDE_IN_FRAMEWORK_HEADER = YES;
				CLANG_WARN_RANGE_LOOP_ANALYSIS = YES;
				CLANG_WARN_STRICT_PROTOTYPES = YES;
				CLANG_WARN_SUSPICIOUS_MOVE = YES;
				CLANG_WARN_UNGUARDED_AVAILABILITY = YES_AGGRESSIVE;
				CLANG_WARN_UNREACHABLE_CODE = YES;
				CLANG_WARN__DUPLICATE_METHOD_MATCH = YES;
				COPY_PHASE_STRIP = NO;
				DEBUG_INFORMATION_FORMAT = "dwarf-with-dsym";
				ENABLE_NS_ASSERTIONS = NO;
				ENABLE_STRICT_OBJC_MSGSEND = YES;
				ENABLE_USER_SCRIPT_SANDBOXING = YES;
				GCC_C_LANGUAGE_STANDARD = gnu17;
				GCC_NO_COMMON_BLOCKS = YES;
				GCC_WARN_64_TO_32_BIT_CONVERSION = YES;
				GCC_WARN_ABOUT_RETURN_TYPE = YES_ERROR;
				GCC_WARN_UNDECLARED_SELECTOR = YES;
				GCC_WARN_UNINITIALIZED_AUTOS = YES_AGGRESSIVE;
				GCC_WARN_UNUSED_FUNCTION = YES;
				GCC_WARN_UNUSED_VARIABLE = YES;
				IPHONEOS_DEPLOYMENT_TARGET = 17.4;
				LOCALIZATION_PREFERS_STRING_CATALOGS = YES;
				MTL_ENABLE_DEBUG_INFO = NO;
				MTL_FAST_MATH = YES;
				SDKROOT = iphoneos;
				SWIFT_COMPILATION_MODE = wholemodule;
				VALIDATE_PRODUCT = YES;
			};
			name = Release;
		};
		46E8361C2BF3999A0045EFA8 /* Debug */ = {
			isa = XCBuildConfiguration;
			buildSettings = {
				ASSETCATALOG_COMPILER_APPICON_NAME = AppIcon;
				ASSETCATALOG_COMPILER_GLOBAL_ACCENT_COLOR_NAME = AccentColor;
				CODE_SIGN_STYLE = Automatic;
				CURRENT_PROJECT_VERSION = 1;
				DEVELOPMENT_ASSET_PATHS = "\"Test doing lines/Preview Content\"";
				DEVELOPMENT_TEAM = MZ552MTEJZ;
				ENABLE_PREVIEWS = YES;
				GENERATE_INFOPLIST_FILE = YES;
				INFOPLIST_KEY_UIApplicationSceneManifest_Generation = YES;
				INFOPLIST_KEY_UIApplicationSupportsIndirectInputEvents = YES;
				INFOPLIST_KEY_UILaunchScreen_Generation = YES;
				INFOPLIST_KEY_UISupportedInterfaceOrientations_iPad = "UIInterfaceOrientationPortrait UIInterfaceOrientationPortraitUpsideDown UIInterfaceOrientationLandscapeLeft UIInterfaceOrientationLandscapeRight";
				INFOPLIST_KEY_UISupportedInterfaceOrientations_iPhone = "UIInterfaceOrientationPortrait UIInterfaceOrientationLandscapeLeft UIInterfaceOrientationLandscapeRight";
				LD_RUNPATH_SEARCH_PATHS = (
					"$(inherited)",
					"@executable_path/Frameworks",
				);
				MARKETING_VERSION = 1.0;
				PRODUCT_BUNDLE_IDENTIFIER = "com.dia.Test-doing-lines";
				PRODUCT_NAME = "$(TARGET_NAME)";
				SWIFT_EMIT_LOC_STRINGS = YES;
				SWIFT_VERSION = 5.0;
				TARGETED_DEVICE_FAMILY = "1,2";
			};
			name = Debug;
		};
		46E8361D2BF3999A0045EFA8 /* Release */ = {
			isa = XCBuildConfiguration;
			buildSettings = {
				ASSETCATALOG_COMPILER_APPICON_NAME = AppIcon;
				ASSETCATALOG_COMPILER_GLOBAL_ACCENT_COLOR_NAME = AccentColor;
				CODE_SIGN_STYLE = Automatic;
				CURRENT_PROJECT_VERSION = 1;
				DEVELOPMENT_ASSET_PATHS = "\"Test doing lines/Preview Content\"";
				DEVELOPMENT_TEAM = MZ552MTEJZ;
				ENABLE_PREVIEWS = YES;
				GENERATE_INFOPLIST_FILE = YES;
				INFOPLIST_KEY_UIApplicationSceneManifest_Generation = YES;
				INFOPLIST_KEY_UIApplicationSupportsIndirectInputEvents = YES;
				INFOPLIST_KEY_UILaunchScreen_Generation = YES;
				INFOPLIST_KEY_UISupportedInterfaceOrientations_iPad = "UIInterfaceOrientationPortrait UIInterfaceOrientationPortraitUpsideDown UIInterfaceOrientationLandscapeLeft UIInterfaceOrientationLandscapeRight";
				INFOPLIST_KEY_UISupportedInterfaceOrientations_iPhone = "UIInterfaceOrientationPortrait UIInterfaceOrientationLandscapeLeft UIInterfaceOrientationLandscapeRight";
				LD_RUNPATH_SEARCH_PATHS = (
					"$(inherited)",
					"@executable_path/Frameworks",
				);
				MARKETING_VERSION = 1.0;
				PRODUCT_BUNDLE_IDENTIFIER = "com.dia.Test-doing-lines";
				PRODUCT_NAME = "$(TARGET_NAME)";
				SWIFT_EMIT_LOC_STRINGS = YES;
				SWIFT_VERSION = 5.0;
				TARGETED_DEVICE_FAMILY = "1,2";
			};
			name = Release;
		};
/* End XCBuildConfiguration section */

/* Begin XCConfigurationList section */
		46E836082BF399980045EFA8 /* Build configuration list for PBXProject "Test doing lines" */ = {
			isa = XCConfigurationList;
			buildConfigurations = (
				46E836192BF3999A0045EFA8 /* Debug */,
				46E8361A2BF3999A0045EFA8 /* Release */,
			);
			defaultConfigurationIsVisible = 0;
			defaultConfigurationName = Release;
		};
		46E8361B2BF3999A0045EFA8 /* Build configuration list for PBXNativeTarget "Test doing lines" */ = {
			isa = XCConfigurationList;
			buildConfigurations = (
				46E8361C2BF3999A0045EFA8 /* Debug */,
				46E8361D2BF3999A0045EFA8 /* Release */,
			);
			defaultConfigurationIsVisible = 0;
			defaultConfigurationName = Release;
		};
/* End XCConfigurationList section */
	};
	rootObject = 46E836052BF399980045EFA8 /* Project object */;
}
